lockfileVersion: 5.4

specifiers:
  svelte-markdown: ^0.2.3

dependencies:
  svelte-markdown: 0.2.3_svelte@3.56.0

packages:

  /@types/marked/4.0.8:
    resolution: {integrity: sha512-HVNzMT5QlWCOdeuBsgXP8EZzKUf0+AXzN+sLmjvaB3ZlLqO+e4u0uXrdw9ub69wBKFs+c6/pA4r9sy6cCDvImw==}
    dev: false

  /marked/4.2.12:
    resolution: {integrity: sha512-yr8hSKa3Fv4D3jdZmtMMPghgVt6TWbk86WQaWhDloQjRSQhMMYCAro7jP7VDJrjjdV8pxVxMssXS8B8Y5DZ5aw==}
    engines: {node: '>= 12'}
    hasBin: true
    dev: false

  /svelte-markdown/0.2.3_svelte@3.56.0:
    resolution: {integrity: sha512-2h680NzTXnAD0CXhxe3GeHl6W+ayG4iKQRl+BIDRw+R0mUE0OiNxP1Vt8Rn+aWevB/LBiBIPCAwvL+0BkG057A==}
    peerDependencies:
      svelte: ^3.0.0
    dependencies:
      '@types/marked': 4.0.8
      marked: 4.2.12
      svelte: 3.56.0
    dev: false

  /svelte/3.56.0:
    resolution: {integrity: sha512-LvXiJbjdvJKwB/0CQyYpDX0q+hFqCyWmybzC2G6eK1tJJA/RSRCytTfNmjHv+RHlLuA70vWG7nXp6gbeErYvRA==}
    engines: {node: '>= 8'}
    dev: false
